// !$*UTF8*$!
{
	archiveVersion = 1;
	classes = {
	};
	objectVersion = 56;
	objects = {

/* Begin PBXBuildFile section */
		BEE0931729C8F5C900D304F9 /* AppDelegate.swift in Sources */ = {isa = PBXBuildFile; fileRef = BEE0931629C8F5C900D304F9 /* AppDelegate.swift */; };
		BEE0931929C8F5C900D304F9 /* SceneDelegate.swift in Sources */ = {isa = PBXBuildFile; fileRef = BEE0931829C8F5C900D304F9 /* SceneDelegate.swift */; };
		BEE0931B29C8F5C900D304F9 /* PKPokedexViewController.swift in Sources */ = {isa = PBXBuildFile; fileRef = BEE0931A29C8F5C900D304F9 /* PKPokedexViewController.swift */; };
		BEE0932029C8F5CA00D304F9 /* Assets.xcassets in Resources */ = {isa = PBXBuildFile; fileRef = BEE0931F29C8F5CA00D304F9 /* Assets.xcassets */; };
		BEE0932329C8F5CA00D304F9 /* LaunchScreen.storyboard in Resources */ = {isa = PBXBuildFile; fileRef = BEE0932129C8F5CA00D304F9 /* LaunchScreen.storyboard */; };
		BEE0932E29C8F5CA00D304F9 /* PokecrawlerTests.swift in Sources */ = {isa = PBXBuildFile; fileRef = BEE0932D29C8F5CA00D304F9 /* PokecrawlerTests.swift */; };
		BEE0933829C8F5CA00D304F9 /* PokecrawlerUITests.swift in Sources */ = {isa = PBXBuildFile; fileRef = BEE0933729C8F5CA00D304F9 /* PokecrawlerUITests.swift */; };
		BEE0933A29C8F5CA00D304F9 /* PokecrawlerUITestsLaunchTests.swift in Sources */ = {isa = PBXBuildFile; fileRef = BEE0933929C8F5CA00D304F9 /* PokecrawlerUITestsLaunchTests.swift */; };
		BEE0934729C8F78E00D304F9 /* PKNetworkManager.swift in Sources */ = {isa = PBXBuildFile; fileRef = BEE0934629C8F78E00D304F9 /* PKNetworkManager.swift */; };
		BEE0934929C8F79A00D304F9 /* PKStorageManager.swift in Sources */ = {isa = PBXBuildFile; fileRef = BEE0934829C8F79A00D304F9 /* PKStorageManager.swift */; };
		BEE0934B29C8F7A900D304F9 /* PKNetworkingExtensions.swift in Sources */ = {isa = PBXBuildFile; fileRef = BEE0934A29C8F7A900D304F9 /* PKNetworkingExtensions.swift */; };
		BEE0934D29C8F7B200D304F9 /* PKNetworkingHelpers.swift in Sources */ = {isa = PBXBuildFile; fileRef = BEE0934C29C8F7B200D304F9 /* PKNetworkingHelpers.swift */; };
		BEE0935329C8F7F000D304F9 /* PKPokemonModel.swift in Sources */ = {isa = PBXBuildFile; fileRef = BEE0935229C8F7F000D304F9 /* PKPokemonModel.swift */; };
		BEE0935929C9B20600D304F9 /* PKPokedexDataSource.swift in Sources */ = {isa = PBXBuildFile; fileRef = BEE0935829C9B20600D304F9 /* PKPokedexDataSource.swift */; };
		BEE0935B29C9B23500D304F9 /* PKPokedexDelegateFlowLayout.swift in Sources */ = {isa = PBXBuildFile; fileRef = BEE0935A29C9B23500D304F9 /* PKPokedexDelegateFlowLayout.swift */; };
		BEE0935D29C9B7CB00D304F9 /* PKPokemonCollectionViewCell.swift in Sources */ = {isa = PBXBuildFile; fileRef = BEE0935C29C9B7CB00D304F9 /* PKPokemonCollectionViewCell.swift */; };
		BEE0935F29C9B83400D304F9 /* PKPrimaryTitleLabel.swift in Sources */ = {isa = PBXBuildFile; fileRef = BEE0935E29C9B83400D304F9 /* PKPrimaryTitleLabel.swift */; };
		BEE0936129C9B83E00D304F9 /* PKSecondaryTitleLabel.swift in Sources */ = {isa = PBXBuildFile; fileRef = BEE0936029C9B83E00D304F9 /* PKSecondaryTitleLabel.swift */; };
		BEE0936329C9BD4B00D304F9 /* PKPokeSpriteImageView.swift in Sources */ = {isa = PBXBuildFile; fileRef = BEE0936229C9BD4B00D304F9 /* PKPokeSpriteImageView.swift */; };
		BEE0936529C9BEA800D304F9 /* PKVertStackView.swift in Sources */ = {isa = PBXBuildFile; fileRef = BEE0936429C9BEA800D304F9 /* PKVertStackView.swift */; };
		BEE0936929C9CBA000D304F9 /* UIColorExtensions.swift in Sources */ = {isa = PBXBuildFile; fileRef = BEE0936829C9CBA000D304F9 /* UIColorExtensions.swift */; };
		BEE0936B29C9D14400D304F9 /* PKPokemonCard.swift in Sources */ = {isa = PBXBuildFile; fileRef = BEE0936A29C9D14400D304F9 /* PKPokemonCard.swift */; };
/* End PBXBuildFile section */

/* Begin PBXContainerItemProxy section */
		BEE0932A29C8F5CA00D304F9 /* PBXContainerItemProxy */ = {
			isa = PBXContainerItemProxy;
			containerPortal = BEE0930B29C8F5C900D304F9 /* Project object */;
			proxyType = 1;
			remoteGlobalIDString = BEE0931229C8F5C900D304F9;
			remoteInfo = Pokecrawler;
		};
		BEE0933429C8F5CA00D304F9 /* PBXContainerItemProxy */ = {
			isa = PBXContainerItemProxy;
			containerPortal = BEE0930B29C8F5C900D304F9 /* Project object */;
			proxyType = 1;
			remoteGlobalIDString = BEE0931229C8F5C900D304F9;
			remoteInfo = Pokecrawler;
		};
/* End PBXContainerItemProxy section */

/* Begin PBXFileReference section */
		BEE0931329C8F5C900D304F9 /* Pokecrawler.app */ = {isa = PBXFileReference; explicitFileType = wrapper.application; includeInIndex = 0; path = Pokecrawler.app; sourceTree = BUILT_PRODUCTS_DIR; };
		BEE0931629C8F5C900D304F9 /* AppDelegate.swift */ = {isa = PBXFileReference; lastKnownFileType = sourcecode.swift; path = AppDelegate.swift; sourceTree = "<group>"; };
		BEE0931829C8F5C900D304F9 /* SceneDelegate.swift */ = {isa = PBXFileReference; lastKnownFileType = sourcecode.swift; path = SceneDelegate.swift; sourceTree = "<group>"; };
		BEE0931A29C8F5C900D304F9 /* PKPokedexViewController.swift */ = {isa = PBXFileReference; lastKnownFileType = sourcecode.swift; path = PKPokedexViewController.swift; sourceTree = "<group>"; };
		BEE0931F29C8F5CA00D304F9 /* Assets.xcassets */ = {isa = PBXFileReference; lastKnownFileType = folder.assetcatalog; path = Assets.xcassets; sourceTree = "<group>"; };
		BEE0932229C8F5CA00D304F9 /* Base */ = {isa = PBXFileReference; lastKnownFileType = file.storyboard; name = Base; path = Base.lproj/LaunchScreen.storyboard; sourceTree = "<group>"; };
		BEE0932429C8F5CA00D304F9 /* Info.plist */ = {isa = PBXFileReference; lastKnownFileType = text.plist.xml; path = Info.plist; sourceTree = "<group>"; };
		BEE0932929C8F5CA00D304F9 /* PokecrawlerTests.xctest */ = {isa = PBXFileReference; explicitFileType = wrapper.cfbundle; includeInIndex = 0; path = PokecrawlerTests.xctest; sourceTree = BUILT_PRODUCTS_DIR; };
		BEE0932D29C8F5CA00D304F9 /* PokecrawlerTests.swift */ = {isa = PBXFileReference; lastKnownFileType = sourcecode.swift; path = PokecrawlerTests.swift; sourceTree = "<group>"; };
		BEE0933329C8F5CA00D304F9 /* PokecrawlerUITests.xctest */ = {isa = PBXFileReference; explicitFileType = wrapper.cfbundle; includeInIndex = 0; path = PokecrawlerUITests.xctest; sourceTree = BUILT_PRODUCTS_DIR; };
		BEE0933729C8F5CA00D304F9 /* PokecrawlerUITests.swift */ = {isa = PBXFileReference; lastKnownFileType = sourcecode.swift; path = PokecrawlerUITests.swift; sourceTree = "<group>"; };
		BEE0933929C8F5CA00D304F9 /* PokecrawlerUITestsLaunchTests.swift */ = {isa = PBXFileReference; lastKnownFileType = sourcecode.swift; path = PokecrawlerUITestsLaunchTests.swift; sourceTree = "<group>"; };
		BEE0934629C8F78E00D304F9 /* PKNetworkManager.swift */ = {isa = PBXFileReference; lastKnownFileType = sourcecode.swift; path = PKNetworkManager.swift; sourceTree = "<group>"; };
		BEE0934829C8F79A00D304F9 /* PKStorageManager.swift */ = {isa = PBXFileReference; lastKnownFileType = sourcecode.swift; path = PKStorageManager.swift; sourceTree = "<group>"; };
		BEE0934A29C8F7A900D304F9 /* PKNetworkingExtensions.swift */ = {isa = PBXFileReference; lastKnownFileType = sourcecode.swift; path = PKNetworkingExtensions.swift; sourceTree = "<group>"; };
		BEE0934C29C8F7B200D304F9 /* PKNetworkingHelpers.swift */ = {isa = PBXFileReference; lastKnownFileType = sourcecode.swift; path = PKNetworkingHelpers.swift; sourceTree = "<group>"; };
		BEE0935229C8F7F000D304F9 /* PKPokemonModel.swift */ = {isa = PBXFileReference; lastKnownFileType = sourcecode.swift; path = PKPokemonModel.swift; sourceTree = "<group>"; };
		BEE0935829C9B20600D304F9 /* PKPokedexDataSource.swift */ = {isa = PBXFileReference; lastKnownFileType = sourcecode.swift; path = PKPokedexDataSource.swift; sourceTree = "<group>"; };
		BEE0935A29C9B23500D304F9 /* PKPokedexDelegateFlowLayout.swift */ = {isa = PBXFileReference; lastKnownFileType = sourcecode.swift; path = PKPokedexDelegateFlowLayout.swift; sourceTree = "<group>"; };
		BEE0935C29C9B7CB00D304F9 /* PKPokemonCollectionViewCell.swift */ = {isa = PBXFileReference; lastKnownFileType = sourcecode.swift; path = PKPokemonCollectionViewCell.swift; sourceTree = "<group>"; };
		BEE0935E29C9B83400D304F9 /* PKPrimaryTitleLabel.swift */ = {isa = PBXFileReference; lastKnownFileType = sourcecode.swift; path = PKPrimaryTitleLabel.swift; sourceTree = "<group>"; };
		BEE0936029C9B83E00D304F9 /* PKSecondaryTitleLabel.swift */ = {isa = PBXFileReference; lastKnownFileType = sourcecode.swift; path = PKSecondaryTitleLabel.swift; sourceTree = "<group>"; };
		BEE0936229C9BD4B00D304F9 /* PKPokeSpriteImageView.swift */ = {isa = PBXFileReference; lastKnownFileType = sourcecode.swift; path = PKPokeSpriteImageView.swift; sourceTree = "<group>"; };
		BEE0936429C9BEA800D304F9 /* PKVertStackView.swift */ = {isa = PBXFileReference; lastKnownFileType = sourcecode.swift; path = PKVertStackView.swift; sourceTree = "<group>"; };
		BEE0936829C9CBA000D304F9 /* UIColorExtensions.swift */ = {isa = PBXFileReference; lastKnownFileType = sourcecode.swift; path = UIColorExtensions.swift; sourceTree = "<group>"; };
		BEE0936A29C9D14400D304F9 /* PKPokemonCard.swift */ = {isa = PBXFileReference; lastKnownFileType = sourcecode.swift; path = PKPokemonCard.swift; sourceTree = "<group>"; };
/* End PBXFileReference section */

/* Begin PBXFrameworksBuildPhase section */
		BEE0931029C8F5C900D304F9 /* Frameworks */ = {
			isa = PBXFrameworksBuildPhase;
			buildActionMask = 2147483647;
			files = (
			);
			runOnlyForDeploymentPostprocessing = 0;
		};
		BEE0932629C8F5CA00D304F9 /* Frameworks */ = {
			isa = PBXFrameworksBuildPhase;
			buildActionMask = 2147483647;
			files = (
			);
			runOnlyForDeploymentPostprocessing = 0;
		};
		BEE0933029C8F5CA00D304F9 /* Frameworks */ = {
			isa = PBXFrameworksBuildPhase;
			buildActionMask = 2147483647;
			files = (
			);
			runOnlyForDeploymentPostprocessing = 0;
		};
/* End PBXFrameworksBuildPhase section */

/* Begin PBXGroup section */
		BEE0930A29C8F5C900D304F9 = {
			isa = PBXGroup;
			children = (
				BEE0931529C8F5C900D304F9 /* Pokecrawler */,
				BEE0932C29C8F5CA00D304F9 /* PokecrawlerTests */,
				BEE0933629C8F5CA00D304F9 /* PokecrawlerUITests */,
				BEE0931429C8F5C900D304F9 /* Products */,
			);
			sourceTree = "<group>";
		};
		BEE0931429C8F5C900D304F9 /* Products */ = {
			isa = PBXGroup;
			children = (
				BEE0931329C8F5C900D304F9 /* Pokecrawler.app */,
				BEE0932929C8F5CA00D304F9 /* PokecrawlerTests.xctest */,
				BEE0933329C8F5CA00D304F9 /* PokecrawlerUITests.xctest */,
			);
			name = Products;
			sourceTree = "<group>";
		};
		BEE0931529C8F5C900D304F9 /* Pokecrawler */ = {
			isa = PBXGroup;
			children = (
				BEE0934E29C8F7C200D304F9 /* Project Files */,
				BEE0934F29C8F7CB00D304F9 /* Controllers */,
				BEE0932429C8F5CA00D304F9 /* Info.plist */,
				BEE0935029C8F7D400D304F9 /* Managers */,
				BEE0935129C8F7DB00D304F9 /* Utilities */,
				BEE0935429C8F7F200D304F9 /* Models */,
				BEE0935729C8F80900D304F9 /* Views */,
			);
			path = Pokecrawler;
			sourceTree = "<group>";
		};
		BEE0932C29C8F5CA00D304F9 /* PokecrawlerTests */ = {
			isa = PBXGroup;
			children = (
				BEE0932D29C8F5CA00D304F9 /* PokecrawlerTests.swift */,
			);
			path = PokecrawlerTests;
			sourceTree = "<group>";
		};
		BEE0933629C8F5CA00D304F9 /* PokecrawlerUITests */ = {
			isa = PBXGroup;
			children = (
				BEE0933729C8F5CA00D304F9 /* PokecrawlerUITests.swift */,
				BEE0933929C8F5CA00D304F9 /* PokecrawlerUITestsLaunchTests.swift */,
			);
			path = PokecrawlerUITests;
			sourceTree = "<group>";
		};
		BEE0934E29C8F7C200D304F9 /* Project Files */ = {
			isa = PBXGroup;
			children = (
				BEE0931629C8F5C900D304F9 /* AppDelegate.swift */,
				BEE0931829C8F5C900D304F9 /* SceneDelegate.swift */,
				BEE0931F29C8F5CA00D304F9 /* Assets.xcassets */,
				BEE0932129C8F5CA00D304F9 /* LaunchScreen.storyboard */,
			);
			path = "Project Files";
			sourceTree = "<group>";
		};
		BEE0934F29C8F7CB00D304F9 /* Controllers */ = {
			isa = PBXGroup;
			children = (
				BEE0931A29C8F5C900D304F9 /* PKPokedexViewController.swift */,
				BEE0935829C9B20600D304F9 /* PKPokedexDataSource.swift */,
				BEE0935A29C9B23500D304F9 /* PKPokedexDelegateFlowLayout.swift */,
			);
			path = Controllers;
			sourceTree = "<group>";
		};
		BEE0935029C8F7D400D304F9 /* Managers */ = {
			isa = PBXGroup;
			children = (
				BEE0934629C8F78E00D304F9 /* PKNetworkManager.swift */,
				BEE0934829C8F79A00D304F9 /* PKStorageManager.swift */,
			);
			path = Managers;
			sourceTree = "<group>";
		};
		BEE0935129C8F7DB00D304F9 /* Utilities */ = {
			isa = PBXGroup;
			children = (
				BEE0934A29C8F7A900D304F9 /* PKNetworkingExtensions.swift */,
				BEE0934C29C8F7B200D304F9 /* PKNetworkingHelpers.swift */,
				BEE0936829C9CBA000D304F9 /* UIColorExtensions.swift */,
			);
			path = Utilities;
			sourceTree = "<group>";
		};
		BEE0935429C8F7F200D304F9 /* Models */ = {
			isa = PBXGroup;
			children = (
				BEE0935229C8F7F000D304F9 /* PKPokemonModel.swift */,
			);
			path = Models;
			sourceTree = "<group>";
		};
		BEE0935729C8F80900D304F9 /* Views */ = {
			isa = PBXGroup;
			children = (
				BEE0935C29C9B7CB00D304F9 /* PKPokemonCollectionViewCell.swift */,
				BEE0935E29C9B83400D304F9 /* PKPrimaryTitleLabel.swift */,
				BEE0936029C9B83E00D304F9 /* PKSecondaryTitleLabel.swift */,
				BEE0936229C9BD4B00D304F9 /* PKPokeSpriteImageView.swift */,
				BEE0936429C9BEA800D304F9 /* PKVertStackView.swift */,
				BEE0936A29C9D14400D304F9 /* PKPokemonCard.swift */,
			);
			path = Views;
			sourceTree = "<group>";
		};
/* End PBXGroup section */

/* Begin PBXNativeTarget section */
		BEE0931229C8F5C900D304F9 /* Pokecrawler */ = {
			isa = PBXNativeTarget;
			buildConfigurationList = BEE0933D29C8F5CA00D304F9 /* Build configuration list for PBXNativeTarget "Pokecrawler" */;
			buildPhases = (
				BEE0930F29C8F5C900D304F9 /* Sources */,
				BEE0931029C8F5C900D304F9 /* Frameworks */,
				BEE0931129C8F5C900D304F9 /* Resources */,
			);
			buildRules = (
			);
			dependencies = (
			);
			name = Pokecrawler;
			productName = Pokecrawler;
			productReference = BEE0931329C8F5C900D304F9 /* Pokecrawler.app */;
			productType = "com.apple.product-type.application";
		};
		BEE0932829C8F5CA00D304F9 /* PokecrawlerTests */ = {
			isa = PBXNativeTarget;
			buildConfigurationList = BEE0934029C8F5CA00D304F9 /* Build configuration list for PBXNativeTarget "PokecrawlerTests" */;
			buildPhases = (
				BEE0932529C8F5CA00D304F9 /* Sources */,
				BEE0932629C8F5CA00D304F9 /* Frameworks */,
				BEE0932729C8F5CA00D304F9 /* Resources */,
			);
			buildRules = (
			);
			dependencies = (
				BEE0932B29C8F5CA00D304F9 /* PBXTargetDependency */,
			);
			name = PokecrawlerTests;
			productName = PokecrawlerTests;
			productReference = BEE0932929C8F5CA00D304F9 /* PokecrawlerTests.xctest */;
			productType = "com.apple.product-type.bundle.unit-test";
		};
		BEE0933229C8F5CA00D304F9 /* PokecrawlerUITests */ = {
			isa = PBXNativeTarget;
			buildConfigurationList = BEE0934329C8F5CA00D304F9 /* Build configuration list for PBXNativeTarget "PokecrawlerUITests" */;
			buildPhases = (
				BEE0932F29C8F5CA00D304F9 /* Sources */,
				BEE0933029C8F5CA00D304F9 /* Frameworks */,
				BEE0933129C8F5CA00D304F9 /* Resources */,
			);
			buildRules = (
			);
			dependencies = (
				BEE0933529C8F5CA00D304F9 /* PBXTargetDependency */,
			);
			name = PokecrawlerUITests;
			productName = PokecrawlerUITests;
			productReference = BEE0933329C8F5CA00D304F9 /* PokecrawlerUITests.xctest */;
			productType = "com.apple.product-type.bundle.ui-testing";
		};
/* End PBXNativeTarget section */

/* Begin PBXProject section */
		BEE0930B29C8F5C900D304F9 /* Project object */ = {
			isa = PBXProject;
			attributes = {
				BuildIndependentTargetsInParallel = 1;
				LastSwiftUpdateCheck = 1410;
				LastUpgradeCheck = 1410;
				TargetAttributes = {
					BEE0931229C8F5C900D304F9 = {
						CreatedOnToolsVersion = 14.1;
					};
					BEE0932829C8F5CA00D304F9 = {
						CreatedOnToolsVersion = 14.1;
						TestTargetID = BEE0931229C8F5C900D304F9;
					};
					BEE0933229C8F5CA00D304F9 = {
						CreatedOnToolsVersion = 14.1;
						TestTargetID = BEE0931229C8F5C900D304F9;
					};
				};
			};
			buildConfigurationList = BEE0930E29C8F5C900D304F9 /* Build configuration list for PBXProject "Pokecrawler" */;
			compatibilityVersion = "Xcode 14.0";
			developmentRegion = en;
			hasScannedForEncodings = 0;
			knownRegions = (
				en,
				Base,
			);
			mainGroup = BEE0930A29C8F5C900D304F9;
			productRefGroup = BEE0931429C8F5C900D304F9 /* Products */;
			projectDirPath = "";
			projectRoot = "";
			targets = (
				BEE0931229C8F5C900D304F9 /* Pokecrawler */,
				BEE0932829C8F5CA00D304F9 /* PokecrawlerTests */,
				BEE0933229C8F5CA00D304F9 /* PokecrawlerUITests */,
			);
		};
/* End PBXProject section */

/* Begin PBXResourcesBuildPhase section */
		BEE0931129C8F5C900D304F9 /* Resources */ = {
			isa = PBXResourcesBuildPhase;
			buildActionMask = 2147483647;
			files = (
				BEE0932329C8F5CA00D304F9 /* LaunchScreen.storyboard in Resources */,
				BEE0932029C8F5CA00D304F9 /* Assets.xcassets in Resources */,
			);
			runOnlyForDeploymentPostprocessing = 0;
		};
		BEE0932729C8F5CA00D304F9 /* Resources */ = {
			isa = PBXResourcesBuildPhase;
			buildActionMask = 2147483647;
			files = (
			);
			runOnlyForDeploymentPostprocessing = 0;
		};
		BEE0933129C8F5CA00D304F9 /* Resources */ = {
			isa = PBXResourcesBuildPhase;
			buildActionMask = 2147483647;
			files = (
			);
			runOnlyForDeploymentPostprocessing = 0;
		};
/* End PBXResourcesBuildPhase section */

/* Begin PBXSourcesBuildPhase section */
		BEE0930F29C8F5C900D304F9 /* Sources */ = {
			isa = PBXSourcesBuildPhase;
			buildActionMask = 2147483647;
			files = (
				BEE0931B29C8F5C900D304F9 /* PKPokedexViewController.swift in Sources */,
				BEE0936529C9BEA800D304F9 /* PKVertStackView.swift in Sources */,
				BEE0935F29C9B83400D304F9 /* PKPrimaryTitleLabel.swift in Sources */,
				BEE0936B29C9D14400D304F9 /* PKPokemonCard.swift in Sources */,
				BEE0934D29C8F7B200D304F9 /* PKNetworkingHelpers.swift in Sources */,
				BEE0934729C8F78E00D304F9 /* PKNetworkManager.swift in Sources */,
				BEE0935B29C9B23500D304F9 /* PKPokedexDelegateFlowLayout.swift in Sources */,
				BEE0936329C9BD4B00D304F9 /* PKPokeSpriteImageView.swift in Sources */,
				BEE0931729C8F5C900D304F9 /* AppDelegate.swift in Sources */,
				BEE0931929C8F5C900D304F9 /* SceneDelegate.swift in Sources */,
				BEE0934B29C8F7A900D304F9 /* PKNetworkingExtensions.swift in Sources */,
				BEE0934929C8F79A00D304F9 /* PKStorageManager.swift in Sources */,
				BEE0936129C9B83E00D304F9 /* PKSecondaryTitleLabel.swift in Sources */,
				BEE0935329C8F7F000D304F9 /* PKPokemonModel.swift in Sources */,
				BEE0935D29C9B7CB00D304F9 /* PKPokemonCollectionViewCell.swift in Sources */,
				BEE0935929C9B20600D304F9 /* PKPokedexDataSource.swift in Sources */,
				BEE0936929C9CBA000D304F9 /* UIColorExtensions.swift in Sources */,
			);
			runOnlyForDeploymentPostprocessing = 0;
		};
		BEE0932529C8F5CA00D304F9 /* Sources */ = {
			isa = PBXSourcesBuildPhase;
			buildActionMask = 2147483647;
			files = (
				BEE0932E29C8F5CA00D304F9 /* PokecrawlerTests.swift in Sources */,
			);
			runOnlyForDeploymentPostprocessing = 0;
		};
		BEE0932F29C8F5CA00D304F9 /* Sources */ = {
			isa = PBXSourcesBuildPhase;
			buildActionMask = 2147483647;
			files = (
				BEE0933A29C8F5CA00D304F9 /* PokecrawlerUITestsLaunchTests.swift in Sources */,
				BEE0933829C8F5CA00D304F9 /* PokecrawlerUITests.swift in Sources */,
			);
			runOnlyForDeploymentPostprocessing = 0;
		};
/* End PBXSourcesBuildPhase section */

/* Begin PBXTargetDependency section */
		BEE0932B29C8F5CA00D304F9 /* PBXTargetDependency */ = {
			isa = PBXTargetDependency;
			target = BEE0931229C8F5C900D304F9 /* Pokecrawler */;
			targetProxy = BEE0932A29C8F5CA00D304F9 /* PBXContainerItemProxy */;
		};
		BEE0933529C8F5CA00D304F9 /* PBXTargetDependency */ = {
			isa = PBXTargetDependency;
			target = BEE0931229C8F5C900D304F9 /* Pokecrawler */;
			targetProxy = BEE0933429C8F5CA00D304F9 /* PBXContainerItemProxy */;
		};
/* End PBXTargetDependency section */

/* Begin PBXVariantGroup section */
		BEE0932129C8F5CA00D304F9 /* LaunchScreen.storyboard */ = {
			isa = PBXVariantGroup;
			children = (
				BEE0932229C8F5CA00D304F9 /* Base */,
			);
			name = LaunchScreen.storyboard;
			sourceTree = "<group>";
		};
/* End PBXVariantGroup section */

/* Begin XCBuildConfiguration section */
		BEE0933B29C8F5CA00D304F9 /* Debug */ = {
			isa = XCBuildConfiguration;
			buildSettings = {
				ALWAYS_SEARCH_USER_PATHS = NO;
				CLANG_ANALYZER_NONNULL = YES;
				CLANG_ANALYZER_NUMBER_OBJECT_CONVERSION = YES_AGGRESSIVE;
				CLANG_CXX_LANGUAGE_STANDARD = "gnu++20";
				CLANG_ENABLE_MODULES = YES;
				CLANG_ENABLE_OBJC_ARC = YES;
				CLANG_ENABLE_OBJC_WEAK = YES;
				CLANG_WARN_BLOCK_CAPTURE_AUTORELEASING = YES;
				CLANG_WARN_BOOL_CONVERSION = YES;
				CLANG_WARN_COMMA = YES;
				CLANG_WARN_CONSTANT_CONVERSION = YES;
				CLANG_WARN_DEPRECATED_OBJC_IMPLEMENTATIONS = YES;
				CLANG_WARN_DIRECT_OBJC_ISA_USAGE = YES_ERROR;
				CLANG_WARN_DOCUMENTATION_COMMENTS = YES;
				CLANG_WARN_EMPTY_BODY = YES;
				CLANG_WARN_ENUM_CONVERSION = YES;
				CLANG_WARN_INFINITE_RECURSION = YES;
				CLANG_WARN_INT_CONVERSION = YES;
				CLANG_WARN_NON_LITERAL_NULL_CONVERSION = YES;
				CLANG_WARN_OBJC_IMPLICIT_RETAIN_SELF = YES;
				CLANG_WARN_OBJC_LITERAL_CONVERSION = YES;
				CLANG_WARN_OBJC_ROOT_CLASS = YES_ERROR;
				CLANG_WARN_QUOTED_INCLUDE_IN_FRAMEWORK_HEADER = YES;
				CLANG_WARN_RANGE_LOOP_ANALYSIS = YES;
				CLANG_WARN_STRICT_PROTOTYPES = YES;
				CLANG_WARN_SUSPICIOUS_MOVE = YES;
				CLANG_WARN_UNGUARDED_AVAILABILITY = YES_AGGRESSIVE;
				CLANG_WARN_UNREACHABLE_CODE = YES;
				CLANG_WARN__DUPLICATE_METHOD_MATCH = YES;
				COPY_PHASE_STRIP = NO;
				DEBUG_INFORMATION_FORMAT = dwarf;
				ENABLE_STRICT_OBJC_MSGSEND = YES;
				ENABLE_TESTABILITY = YES;
				GCC_C_LANGUAGE_STANDARD = gnu11;
				GCC_DYNAMIC_NO_PIC = NO;
				GCC_NO_COMMON_BLOCKS = YES;
				GCC_OPTIMIZATION_LEVEL = 0;
				GCC_PREPROCESSOR_DEFINITIONS = (
					"DEBUG=1",
					"$(inherited)",
				);
				GCC_WARN_64_TO_32_BIT_CONVERSION = YES;
				GCC_WARN_ABOUT_RETURN_TYPE = YES_ERROR;
				GCC_WARN_UNDECLARED_SELECTOR = YES;
				GCC_WARN_UNINITIALIZED_AUTOS = YES_AGGRESSIVE;
				GCC_WARN_UNUSED_FUNCTION = YES;
				GCC_WARN_UNUSED_VARIABLE = YES;
				IPHONEOS_DEPLOYMENT_TARGET = 16.1;
				MTL_ENABLE_DEBUG_INFO = INCLUDE_SOURCE;
				MTL_FAST_MATH = YES;
				ONLY_ACTIVE_ARCH = YES;
				SDKROOT = iphoneos;
				SWIFT_ACTIVE_COMPILATION_CONDITIONS = DEBUG;
				SWIFT_OPTIMIZATION_LEVEL = "-Onone";
			};
			name = Debug;
		};
		BEE0933C29C8F5CA00D304F9 /* Release */ = {
			isa = XCBuildConfiguration;
			buildSettings = {
				ALWAYS_SEARCH_USER_PATHS = NO;
				CLANG_ANALYZER_NONNULL = YES;
				CLANG_ANALYZER_NUMBER_OBJECT_CONVERSION = YES_AGGRESSIVE;
				CLANG_CXX_LANGUAGE_STANDARD = "gnu++20";
				CLANG_ENABLE_MODULES = YES;
				CLANG_ENABLE_OBJC_ARC = YES;
				CLANG_ENABLE_OBJC_WEAK = YES;
				CLANG_WARN_BLOCK_CAPTURE_AUTORELEASING = YES;
				CLANG_WARN_BOOL_CONVERSION = YES;
				CLANG_WARN_COMMA = YES;
				CLANG_WARN_CONSTANT_CONVERSION = YES;
				CLANG_WARN_DEPRECATED_OBJC_IMPLEMENTATIONS = YES;
				CLANG_WARN_DIRECT_OBJC_ISA_USAGE = YES_ERROR;
				CLANG_WARN_DOCUMENTATION_COMMENTS = YES;
				CLANG_WARN_EMPTY_BODY = YES;
				CLANG_WARN_ENUM_CONVERSION = YES;
				CLANG_WARN_INFINITE_RECURSION = YES;
				CLANG_WARN_INT_CONVERSION = YES;
				CLANG_WARN_NON_LITERAL_NULL_CONVERSION = YES;
				CLANG_WARN_OBJC_IMPLICIT_RETAIN_SELF = YES;
				CLANG_WARN_OBJC_LITERAL_CONVERSION = YES;
				CLANG_WARN_OBJC_ROOT_CLASS = YES_ERROR;
				CLANG_WARN_QUOTED_INCLUDE_IN_FRAMEWORK_HEADER = YES;
				CLANG_WARN_RANGE_LOOP_ANALYSIS = YES;
				CLANG_WARN_STRICT_PROTOTYPES = YES;
				CLANG_WARN_SUSPICIOUS_MOVE = YES;
				CLANG_WARN_UNGUARDED_AVAILABILITY = YES_AGGRESSIVE;
				CLANG_WARN_UNREACHABLE_CODE = YES;
				CLANG_WARN__DUPLICATE_METHOD_MATCH = YES;
				COPY_PHASE_STRIP = NO;
				DEBUG_INFORMATION_FORMAT = "dwarf-with-dsym";
				ENABLE_NS_ASSERTIONS = NO;
				ENABLE_STRICT_OBJC_MSGSEND = YES;
				GCC_C_LANGUAGE_STANDARD = gnu11;
				GCC_NO_COMMON_BLOCKS = YES;
				GCC_WARN_64_TO_32_BIT_CONVERSION = YES;
				GCC_WARN_ABOUT_RETURN_TYPE = YES_ERROR;
				GCC_WARN_UNDECLARED_SELECTOR = YES;
				GCC_WARN_UNINITIALIZED_AUTOS = YES_AGGRESSIVE;
				GCC_WARN_UNUSED_FUNCTION = YES;
				GCC_WARN_UNUSED_VARIABLE = YES;
				IPHONEOS_DEPLOYMENT_TARGET = 16.1;
				MTL_ENABLE_DEBUG_INFO = NO;
				MTL_FAST_MATH = YES;
				SDKROOT = iphoneos;
				SWIFT_COMPILATION_MODE = wholemodule;
				SWIFT_OPTIMIZATION_LEVEL = "-O";
				VALIDATE_PRODUCT = YES;
			};
			name = Release;
		};
		BEE0933E29C8F5CA00D304F9 /* Debug */ = {
			isa = XCBuildConfiguration;
			buildSettings = {
				ASSETCATALOG_COMPILER_APPICON_NAME = AppIcon;
				ASSETCATALOG_COMPILER_GLOBAL_ACCENT_COLOR_NAME = AccentColor;
				CODE_SIGN_STYLE = Automatic;
				CURRENT_PROJECT_VERSION = 1;
				DEVELOPMENT_TEAM = DDNWMPGGP9;
				GENERATE_INFOPLIST_FILE = YES;
				INFOPLIST_FILE = Pokecrawler/Info.plist;
				INFOPLIST_KEY_UIApplicationSupportsIndirectInputEvents = YES;
				INFOPLIST_KEY_UILaunchStoryboardName = LaunchScreen;
				INFOPLIST_KEY_UISupportedInterfaceOrientations_iPad = "UIInterfaceOrientationPortrait UIInterfaceOrientationPortraitUpsideDown UIInterfaceOrientationLandscapeLeft UIInterfaceOrientationLandscapeRight";
				INFOPLIST_KEY_UISupportedInterfaceOrientations_iPhone = "UIInterfaceOrientationPortrait UIInterfaceOrientationLandscapeLeft UIInterfaceOrientationLandscapeRight";
				IPHONEOS_DEPLOYMENT_TARGET = 15.0;
				LD_RUNPATH_SEARCH_PATHS = (
					"$(inherited)",
					"@executable_path/Frameworks",
				);
				MARKETING_VERSION = 1.0;
				PRODUCT_BUNDLE_IDENTIFIER = com.bsv.Pokecrawler;
				PRODUCT_NAME = "$(TARGET_NAME)";
				SWIFT_EMIT_LOC_STRINGS = YES;
				SWIFT_VERSION = 5.0;
				TARGETED_DEVICE_FAMILY = "1,2";
			};
			name = Debug;
		};
		BEE0933F29C8F5CA00D304F9 /* Release */ = {
			isa = XCBuildConfiguration;
			buildSettings = {
				ASSETCATALOG_COMPILER_APPICON_NAME = AppIcon;
				ASSETCATALOG_COMPILER_GLOBAL_ACCENT_COLOR_NAME = AccentColor;
				CODE_SIGN_STYLE = Automatic;
				CURRENT_PROJECT_VERSION = 1;
				DEVELOPMENT_TEAM = DDNWMPGGP9;
				GENERATE_INFOPLIST_FILE = YES;
				INFOPLIST_FILE = Pokecrawler/Info.plist;
				INFOPLIST_KEY_UIApplicationSupportsIndirectInputEvents = YES;
				INFOPLIST_KEY_UILaunchStoryboardName = LaunchScreen;
				INFOPLIST_KEY_UISupportedInterfaceOrientations_iPad = "UIInterfaceOrientationPortrait UIInterfaceOrientationPortraitUpsideDown UIInterfaceOrientationLandscapeLeft UIInterfaceOrientationLandscapeRight";
				INFOPLIST_KEY_UISupportedInterfaceOrientations_iPhone = "UIInterfaceOrientationPortrait UIInterfaceOrientationLandscapeLeft UIInterfaceOrientationLandscapeRight";
				IPHONEOS_DEPLOYMENT_TARGET = 15.0;
				LD_RUNPATH_SEARCH_PATHS = (
					"$(inherited)",
					"@executable_path/Frameworks",
				);
				MARKETING_VERSION = 1.0;
				PRODUCT_BUNDLE_IDENTIFIER = com.bsv.Pokecrawler;
				PRODUCT_NAME = "$(TARGET_NAME)";
				SWIFT_EMIT_LOC_STRINGS = YES;
				SWIFT_VERSION = 5.0;
				TARGETED_DEVICE_FAMILY = "1,2";
			};
			name = Release;
		};
		BEE0934129C8F5CA00D304F9 /* Debug */ = {
			isa = XCBuildConfiguration;
			buildSettings = {
				ALWAYS_EMBED_SWIFT_STANDARD_LIBRARIES = YES;
				BUNDLE_LOADER = "$(TEST_HOST)";
				CODE_SIGN_STYLE = Automatic;
				CURRENT_PROJECT_VERSION = 1;
				DEVELOPMENT_TEAM = DDNWMPGGP9;
				GENERATE_INFOPLIST_FILE = YES;
				IPHONEOS_DEPLOYMENT_TARGET = 16.1;
				MARKETING_VERSION = 1.0;
				PRODUCT_BUNDLE_IDENTIFIER = com.bsv.PokecrawlerTests;
				PRODUCT_NAME = "$(TARGET_NAME)";
				SWIFT_EMIT_LOC_STRINGS = NO;
				SWIFT_VERSION = 5.0;
				TARGETED_DEVICE_FAMILY = "1,2";
				TEST_HOST = "$(BUILT_PRODUCTS_DIR)/Pokecrawler.app/$(BUNDLE_EXECUTABLE_FOLDER_PATH)/Pokecrawler";
			};
			name = Debug;
		};
		BEE0934229C8F5CA00D304F9 /* Release */ = {
			isa = XCBuildConfiguration;
			buildSettings = {
				ALWAYS_EMBED_SWIFT_STANDARD_LIBRARIES = YES;
				BUNDLE_LOADER = "$(TEST_HOST)";
				CODE_SIGN_STYLE = Automatic;
				CURRENT_PROJECT_VERSION = 1;
				DEVELOPMENT_TEAM = DDNWMPGGP9;
				GENERATE_INFOPLIST_FILE = YES;
				IPHONEOS_DEPLOYMENT_TARGET = 16.1;
				MARKETING_VERSION = 1.0;
				PRODUCT_BUNDLE_IDENTIFIER = com.bsv.PokecrawlerTests;
				PRODUCT_NAME = "$(TARGET_NAME)";
				SWIFT_EMIT_LOC_STRINGS = NO;
				SWIFT_VERSION = 5.0;
				TARGETED_DEVICE_FAMILY = "1,2";
				TEST_HOST = "$(BUILT_PRODUCTS_DIR)/Pokecrawler.app/$(BUNDLE_EXECUTABLE_FOLDER_PATH)/Pokecrawler";
			};
			name = Release;
		};
		BEE0934429C8F5CA00D304F9 /* Debug */ = {
			isa = XCBuildConfiguration;
			buildSettings = {
				ALWAYS_EMBED_SWIFT_STANDARD_LIBRARIES = YES;
				CODE_SIGN_STYLE = Automatic;
				CURRENT_PROJECT_VERSION = 1;
				DEVELOPMENT_TEAM = DDNWMPGGP9;
				GENERATE_INFOPLIST_FILE = YES;
				MARKETING_VERSION = 1.0;
				PRODUCT_BUNDLE_IDENTIFIER = com.bsv.PokecrawlerUITests;
				PRODUCT_NAME = "$(TARGET_NAME)";
				SWIFT_EMIT_LOC_STRINGS = NO;
				SWIFT_VERSION = 5.0;
				TARGETED_DEVICE_FAMILY = "1,2";
				TEST_TARGET_NAME = Pokecrawler;
			};
			name = Debug;
		};
		BEE0934529C8F5CA00D304F9 /* Release */ = {
			isa = XCBuildConfiguration;
			buildSettings = {
				ALWAYS_EMBED_SWIFT_STANDARD_LIBRARIES = YES;
				CODE_SIGN_STYLE = Automatic;
				CURRENT_PROJECT_VERSION = 1;
				DEVELOPMENT_TEAM = DDNWMPGGP9;
				GENERATE_INFOPLIST_FILE = YES;
				MARKETING_VERSION = 1.0;
				PRODUCT_BUNDLE_IDENTIFIER = com.bsv.PokecrawlerUITests;
				PRODUCT_NAME = "$(TARGET_NAME)";
				SWIFT_EMIT_LOC_STRINGS = NO;
				SWIFT_VERSION = 5.0;
				TARGETED_DEVICE_FAMILY = "1,2";
				TEST_TARGET_NAME = Pokecrawler;
			};
			name = Release;
		};
/* End XCBuildConfiguration section */

/* Begin XCConfigurationList section */
		BEE0930E29C8F5C900D304F9 /* Build configuration list for PBXProject "Pokecrawler" */ = {
			isa = XCConfigurationList;
			buildConfigurations = (
				BEE0933B29C8F5CA00D304F9 /* Debug */,
				BEE0933C29C8F5CA00D304F9 /* Release */,
			);
			defaultConfigurationIsVisible = 0;
			defaultConfigurationName = Release;
		};
		BEE0933D29C8F5CA00D304F9 /* Build configuration list for PBXNativeTarget "Pokecrawler" */ = {
			isa = XCConfigurationList;
			buildConfigurations = (
				BEE0933E29C8F5CA00D304F9 /* Debug */,
				BEE0933F29C8F5CA00D304F9 /* Release */,
			);
			defaultConfigurationIsVisible = 0;
			defaultConfigurationName = Release;
		};
		BEE0934029C8F5CA00D304F9 /* Build configuration list for PBXNativeTarget "PokecrawlerTests" */ = {
			isa = XCConfigurationList;
			buildConfigurations = (
				BEE0934129C8F5CA00D304F9 /* Debug */,
				BEE0934229C8F5CA00D304F9 /* Release */,
			);
			defaultConfigurationIsVisible = 0;
			defaultConfigurationName = Release;
		};
		BEE0934329C8F5CA00D304F9 /* Build configuration list for PBXNativeTarget "PokecrawlerUITests" */ = {
			isa = XCConfigurationList;
			buildConfigurations = (
				BEE0934429C8F5CA00D304F9 /* Debug */,
				BEE0934529C8F5CA00D304F9 /* Release */,
			);
			defaultConfigurationIsVisible = 0;
			defaultConfigurationName = Release;
		};
/* End XCConfigurationList section */
	};
	rootObject = BEE0930B29C8F5C900D304F9 /* Project object */;
}
